
Microsoft Visual Studio Solution File, Format Version 12.00
# Visual Studio Version 16
VisualStudioVersion = 16.0.30503.244
MinimumVisualStudioVersion = 10.0.40219.1
Project("{FAE04EC0-301F-11D3-BF4B-00C04F79EFBC}") = "ImmiCanada", "ImmiCanada\ImmiCanada.csproj", "{5A3F1931-1E4E-4370-9ED6-D4BF77EF6E84}"
EndProject
Project("{00D1A9C2-B5F0-4AF3-8072-F6C62B433612}") = "ImmiDatabase", "Database\ImmiDatabase\ImmiDatabase.sqlproj", "{2E4DC310-E098-47A3-BC35-6D9323F5FB05}"
EndProject
Global
	GlobalSection(SolutionConfigurationPlatforms) = preSolution
		Debug|Any CPU = Debug|Any CPU
		Release|Any CPU = Release|Any CPU
	EndGlobalSection
	GlobalSection(ProjectConfigurationPlatforms) = postSolution
		{5A3F1931-1E4E-4370-9ED6-D4BF77EF6E84}.Debug|Any CPU.ActiveCfg = Debug|Any CPU
		{5A3F1931-1E4E-4370-9ED6-D4BF77EF6E84}.Debug|Any CPU.Build.0 = Debug|Any CPU
		{5A3F1931-1E4E-4370-9ED6-D4BF77EF6E84}.Release|Any CPU.ActiveCfg = Release|Any CPU
		{5A3F1931-1E4E-4370-9ED6-D4BF77EF6E84}.Release|Any CPU.Build.0 = Release|Any CPU
		{2E4DC310-E098-47A3-BC35-6D9323F5FB05}.Debug|Any CPU.ActiveCfg = Debug|Any CPU
		{2E4DC310-E098-47A3-BC35-6D9323F5FB05}.Debug|Any CPU.Build.0 = Debug|Any CPU
		{2E4DC310-E098-47A3-BC35-6D9323F5FB05}.Debug|Any CPU.Deploy.0 = Debug|Any CPU
		{2E4DC310-E098-47A3-BC35-6D9323F5FB05}.Release|Any CPU.ActiveCfg = Release|Any CPU
		{2E4DC310-E098-47A3-BC35-6D9323F5FB05}.Release|Any CPU.Build.0 = Release|Any CPU
		{2E4DC310-E098-47A3-BC35-6D9323F5FB05}.Release|Any CPU.Deploy.0 = Release|Any CPU
	EndGlobalSection
	GlobalSection(SolutionProperties) = preSolution
		HideSolutionNode = FALSE
	EndGlobalSection
	GlobalSection(ExtensibilityGlobals) = postSolution
		SolutionGuid = {D08FD3B5-081C-4C99-B8A1-69A0DAFF1FB6}
	EndGlobalSection
EndGlobal
